// !$*UTF8*$!
{
	archiveVersion = 1;
	classes = {
	};
	objectVersion = 46;
	objects = {

/* Begin PBXAggregateTarget section */
		3BE45EB40D6FAA4900E02709 /* Libraries & Test */ = {
			isa = PBXAggregateTarget;
			buildConfigurationList = 3BE45EBE0D6FAA9700E02709 /* Build configuration list for PBXAggregateTarget "Libraries & Test" */;
			buildPhases = (
			);
			dependencies = (
				3BE45EBA0D6FAA5600E02709 /* PBXTargetDependency */,
				3BE45EBC0D6FAA5900E02709 /* PBXTargetDependency */,
			);
			name = "Libraries & Test";
			productName = "Source & Test";
		};
/* End PBXAggregateTarget section */

/* Begin PBXBuildFile section */
		3D39AD77136A7055005166F3 /* src in Sources */ = {isa = PBXBuildFile; fileRef = 3B13640F0C7500F6006B3CA6 /* src */; };
/* End PBXBuildFile section */

/* Begin PBXContainerItemProxy section */
		3BE45EB90D6FAA5600E02709 /* PBXContainerItemProxy */ = {
			isa = PBXContainerItemProxy;
			containerPortal = 08FB7793FE84155DC02AAC07 /* Project object */;
			proxyType = 1;
			remoteGlobalIDString = D28A88AD04BDD90700651E21;
			remoteInfo = Source;
		};
		3BE45EBB0D6FAA5900E02709 /* PBXContainerItemProxy */ = {
			isa = PBXContainerItemProxy;
			containerPortal = 08FB7793FE84155DC02AAC07 /* Project object */;
			proxyType = 1;
			remoteGlobalIDString = 3BE45AA40D6FA0B400E02709;
			remoteInfo = Test;
		};
/* End PBXContainerItemProxy section */

/* Begin PBXFileReference section */
		3B13640F0C7500F6006B3CA6 /* src */ = {isa = PBXFileReference; lastKnownFileType = folder; path = src; sourceTree = SOURCE_ROOT; };
		3B1368740C750181006B3CA6 /* demo */ = {isa = PBXFileReference; lastKnownFileType = folder; path = demo; sourceTree = SOURCE_ROOT; };
		3B26C8390CEFC33000694F05 /* test */ = {isa = PBXFileReference; lastKnownFileType = folder; path = test; sourceTree = SOURCE_ROOT; };
		3BC742930D7A38E400F2EAD5 /* headers.cc */ = {isa = PBXFileReference; fileEncoding = 4; lastKnownFileType = sourcecode.cpp.cpp; path = headers.cc; sourceTree = "<group>"; };
		3D2E8524136F772400DC7727 /* dummy.dylib */ = {isa = PBXFileReference; explicitFileType = "compiled.mach-o.dylib"; includeInIndex = 0; path = dummy.dylib; sourceTree = BUILT_PRODUCTS_DIR; };
		3D2E8525136F775800DC7727 /* SiteConstraint.cc */ = {isa = PBXFileReference; fileEncoding = 4; lastKnownFileType = sourcecode.cpp.cpp; name = SiteConstraint.cc; path = ../src/core/scoring/constraints/SiteConstraint.cc; sourceTree = "<group>"; };
		3D2E8526136F775800DC7727 /* SiteConstraint.hh */ = {isa = PBXFileReference; fileEncoding = 4; lastKnownFileType = sourcecode.cpp.h; name = SiteConstraint.hh; path = ../src/core/scoring/constraints/SiteConstraint.hh; sourceTree = "<group>"; };
		3D2E8528136F77EF00DC7727 /* SiteConstraint.fwd.hh */ = {isa = PBXFileReference; fileEncoding = 4; lastKnownFileType = sourcecode.cpp.h; name = SiteConstraint.fwd.hh; path = ../src/core/scoring/constraints/SiteConstraint.fwd.hh; sourceTree = "<group>"; };
/* End PBXFileReference section */

/* Begin PBXFrameworksBuildPhase section */
		3D39AD5F136A7021005166F3 /* Frameworks */ = {
			isa = PBXFrameworksBuildPhase;
			buildActionMask = 2147483647;
			files = (
			);
			runOnlyForDeploymentPostprocessing = 0;
		};
/* End PBXFrameworksBuildPhase section */

/* Begin PBXGroup section */
		08FB7794FE84155DC02AAC07 /* MiniRosetta */ = {
			isa = PBXGroup;
			children = (
				3D2E8525136F775800DC7727 /* SiteConstraint.cc */,
				3D2E8526136F775800DC7727 /* SiteConstraint.hh */,
				3D2E8528136F77EF00DC7727 /* SiteConstraint.fwd.hh */,
				3B13640F0C7500F6006B3CA6 /* src */,
				3B1368740C750181006B3CA6 /* demo */,
				3B26C8390CEFC33000694F05 /* test */,
				3BC742930D7A38E400F2EAD5 /* headers.cc */,
				3D2E8524136F772400DC7727 /* dummy.dylib */,
			);
			name = MiniRosetta;
			sourceTree = "<group>";
		};
/* End PBXGroup section */

/* Begin PBXHeadersBuildPhase section */
		3D39AD60136A7021005166F3 /* Headers */ = {
			isa = PBXHeadersBuildPhase;
			buildActionMask = 2147483647;
			files = (
			);
			runOnlyForDeploymentPostprocessing = 0;
		};
/* End PBXHeadersBuildPhase section */

/* Begin PBXLegacyTarget section */
		3B797E7A0F43952600C7ACB4 /* Libraries & Default+My Apps */ = {
			isa = PBXLegacyTarget;
			buildArgumentsString = "-j $NUM_PROCESSORS mode=$MODE extras=$EXTRAS bin my --$(ACTION)";
			buildConfigurationList = 3B797E7B0F43952600C7ACB4 /* Build configuration list for PBXLegacyTarget "Libraries & Default+My Apps" */;
			buildPhases = (
			);
			buildToolPath = "external/scons-local/scons.py";
			buildWorkingDirectory = ..;
			dependencies = (
			);
			name = "Libraries & Default+My Apps";
			passBuildSettingsInEnvironment = 0;
			productName = MiniRosetta;
		};
		3BE45AA40D6FA0B400E02709 /* Test */ = {
			isa = PBXLegacyTarget;
			buildArgumentsString = "-j $NUM_PROCESSORS mode=$MODE extras=$EXTRAS cat=test --$(ACTION) ";
			buildConfigurationList = 3BE45AA50D6FA0B400E02709 /* Build configuration list for PBXLegacyTarget "Test" */;
			buildPhases = (
			);
			buildToolPath = "external/scons-local/scons.py";
			buildWorkingDirectory = ..;
			dependencies = (
			);
			name = Test;
			passBuildSettingsInEnvironment = 0;
			productName = MiniRosetta;
		};
		A5BC426E1301F4C10099E071 /* PyRosetta */ = {
			isa = PBXLegacyTarget;
			buildArgumentsString = "-j1  mode=pyrosetta extras=$EXTRAS --$(ACTION) ";
			buildConfigurationList = A5BC426F1301F4C10099E071 /* Build configuration list for PBXLegacyTarget "PyRosetta" */;
			buildPhases = (
			);
			buildToolPath = "external/scons-local/scons.py";
			buildWorkingDirectory = ..;
			dependencies = (
			);
			name = PyRosetta;
			passBuildSettingsInEnvironment = 0;
			productName = MiniRosetta;
		};
		A606E3390F14577500C63546 /* Libraries & loopmodel */ = {
			isa = PBXLegacyTarget;
			buildArgumentsString = "-j $NUM_PROCESSORS mode=$MODE bin/loopmodel.macosgcc$MODE extras=$EXTRAS --$(ACTION) ";
			buildConfigurationList = A606E33A0F14577500C63546 /* Build configuration list for PBXLegacyTarget "Libraries & loopmodel" */;
			buildPhases = (
			);
			buildToolPath = "external/scons-local/scons.py";
			buildWorkingDirectory = ..;
			dependencies = (
			);
			name = "Libraries & loopmodel";
			passBuildSettingsInEnvironment = 0;
			productName = MiniRosetta;
		};
		A606E3410F1457D900C63546 /* Libraries & loopmodel Debug */ = {
			isa = PBXLegacyTarget;
			buildArgumentsString = "-j $NUM_PROCESSORS mode=$MODE bin/loopmodel.macosgccdebug extras=$EXTRAS --$(ACTION) ";
			buildConfigurationList = A606E3420F1457D900C63546 /* Build configuration list for PBXLegacyTarget "Libraries & loopmodel Debug" */;
			buildPhases = (
			);
			buildToolPath = "external/scons-local/scons.py";
			buildWorkingDirectory = ..;
			dependencies = (
			);
			name = "Libraries & loopmodel Debug";
			passBuildSettingsInEnvironment = 0;
			productName = MiniRosetta;
		};
		A6CA6CED0D7679EF00F2049F /* Libraries & All Apps */ = {
			isa = PBXLegacyTarget;
			buildArgumentsString = "-j $NUM_PROCESSORS mode=$MODE extras=$EXTRAS bin --$(ACTION) ";
			buildConfigurationList = A6CA6CEE0D7679EF00F2049F /* Build configuration list for PBXLegacyTarget "Libraries & All Apps" */;
			buildPhases = (
			);
			buildToolPath = "external/scons-local/scons.py";
			buildWorkingDirectory = ..;
			dependencies = (
			);
			name = "Libraries & All Apps";
			passBuildSettingsInEnvironment = 0;
			productName = MiniRosetta;
		};
		D28A88AD04BDD90700651E21 /* Libraries */ = {
			isa = PBXLegacyTarget;
			buildArgumentsString = "-j $NUM_PROCESSORS mode=$MODE extras=$EXTRAS --$(ACTION) ";
			buildConfigurationList = 1DEB918F08733D9F0010E9CD /* Build configuration list for PBXLegacyTarget "Libraries" */;
			buildPhases = (
			);
			buildToolPath = "external/scons-local/scons.py";
			buildWorkingDirectory = ..;
			dependencies = (
			);
			name = Libraries;
			passBuildSettingsInEnvironment = 0;
			productName = MiniRosetta;
		};
/* End PBXLegacyTarget section */

/* Begin PBXNativeTarget section */
		3D39AD61136A7021005166F3 /* dummy */ = {
			isa = PBXNativeTarget;
			buildConfigurationList = 3D39AD74136A7021005166F3 /* Build configuration list for PBXNativeTarget "dummy" */;
			buildPhases = (
				3D39AD5E136A7021005166F3 /* Sources */,
				3D39AD5F136A7021005166F3 /* Frameworks */,
				3D39AD60136A7021005166F3 /* Headers */,
			);
			buildRules = (
			);
			dependencies = (
			);
			name = dummy;
			productName = dummy;
			productReference = 3D2E8524136F772400DC7727 /* dummy.dylib */;
			productType = "com.apple.product-type.library.dynamic";
		};
/* End PBXNativeTarget section */

/* Begin PBXProject section */
		08FB7793FE84155DC02AAC07 /* Project object */ = {
			isa = PBXProject;
			attributes = {
				BuildIndependentTargetsInParallel = NO;
			};
			buildConfigurationList = 1DEB919308733D9F0010E9CD /* Build configuration list for PBXProject "RosettaMini" */;
			compatibilityVersion = "Xcode 3.2";
			hasScannedForEncodings = 1;
			knownRegions = (
				English,
				Japanese,
				French,
				German,
			);
			mainGroup = 08FB7794FE84155DC02AAC07 /* MiniRosetta */;
			productRefGroup = 08FB7794FE84155DC02AAC07 /* MiniRosetta */;
			projectDirPath = "";
			projectRoot = ..;
			targets = (
				D28A88AD04BDD90700651E21 /* Libraries */,
				3BE45AA40D6FA0B400E02709 /* Test */,
				3BE45EB40D6FAA4900E02709 /* Libraries & Test */,
				A6CA6CED0D7679EF00F2049F /* Libraries & All Apps */,
				3B797E7A0F43952600C7ACB4 /* Libraries & Default+My Apps */,
				A606E3390F14577500C63546 /* Libraries & loopmodel */,
				A606E3410F1457D900C63546 /* Libraries & loopmodel Debug */,
				A5BC426E1301F4C10099E071 /* PyRosetta */,
				3D39AD61136A7021005166F3 /* dummy */,
			);
		};
/* End PBXProject section */

/* Begin PBXSourcesBuildPhase section */
		3D39AD5E136A7021005166F3 /* Sources */ = {
			isa = PBXSourcesBuildPhase;
			buildActionMask = 2147483647;
			files = (
				3D39AD77136A7055005166F3 /* src in Sources */,
			);
			runOnlyForDeploymentPostprocessing = 0;
		};
/* End PBXSourcesBuildPhase section */

/* Begin PBXTargetDependency section */
		3BE45EBA0D6FAA5600E02709 /* PBXTargetDependency */ = {
			isa = PBXTargetDependency;
			target = D28A88AD04BDD90700651E21 /* Libraries */;
			targetProxy = 3BE45EB90D6FAA5600E02709 /* PBXContainerItemProxy */;
		};
		3BE45EBC0D6FAA5900E02709 /* PBXTargetDependency */ = {
			isa = PBXTargetDependency;
			target = 3BE45AA40D6FA0B400E02709 /* Test */;
			targetProxy = 3BE45EBB0D6FAA5900E02709 /* PBXContainerItemProxy */;
		};
/* End PBXTargetDependency section */

/* Begin XCBuildConfiguration section */
		1DEB919008733D9F0010E9CD /* Debug */ = {
			isa = XCBuildConfiguration;
			buildSettings = {
			};
			name = Debug;
		};
		1DEB919108733D9F0010E9CD /* Release */ = {
			isa = XCBuildConfiguration;
			buildSettings = {
			};
			name = Release;
		};
		1DEB919408733D9F0010E9CD /* Debug */ = {
			isa = XCBuildConfiguration;
			buildSettings = {
				ARCHS = "$(ARCHS_STANDARD_32_64_BIT)";
				EXTRAS = "";
				MODE = debug;
				NUM_PROCESSORS = 4;
				PRODUCT_NAME = RosettaMini;
			};
			name = Debug;
		};
		1DEB919508733D9F0010E9CD /* Release */ = {
			isa = XCBuildConfiguration;
			buildSettings = {
				ARCHS = "$(ARCHS_STANDARD_32_64_BIT)";
				EXTRAS = "";
				MODE = release;
				NUM_PROCESSORS = 4;
				PRODUCT_NAME = RosettaMini;
			};
			name = Release;
		};
		3B797E6A0F4394C800C7ACB4 /* Debug (graphics) */ = {
			isa = XCBuildConfiguration;
			buildSettings = {
				ARCHS = "$(ARCHS_STANDARD_32_64_BIT)";
				EXTRAS = graphics;
				MODE = debug;
				NUM_PROCESSORS = 4;
				PRODUCT_NAME = RosettaMini;
			};
			name = "Debug (graphics)";
		};
		3B797E6B0F4394C800C7ACB4 /* Debug (graphics) */ = {
			isa = XCBuildConfiguration;
			buildSettings = {
			};
			name = "Debug (graphics)";
		};
		3B797E6C0F4394C800C7ACB4 /* Debug (graphics) */ = {
			isa = XCBuildConfiguration;
			buildSettings = {
			};
			name = "Debug (graphics)";
		};
		3B797E6D0F4394C800C7ACB4 /* Debug (graphics) */ = {
			isa = XCBuildConfiguration;
			buildSettings = {
			};
			name = "Debug (graphics)";
		};
		3B797E6E0F4394C800C7ACB4 /* Debug (graphics) */ = {
			isa = XCBuildConfiguration;
			buildSettings = {
			};
			name = "Debug (graphics)";
		};
		3B797E700F4394C800C7ACB4 /* Debug (graphics) */ = {
			isa = XCBuildConfiguration;
			buildSettings = {
			};
			name = "Debug (graphics)";
		};
		3B797E710F4394C800C7ACB4 /* Debug (graphics) */ = {
			isa = XCBuildConfiguration;
			buildSettings = {
			};
			name = "Debug (graphics)";
		};
		3B797E720F4394D000C7ACB4 /* Release (graphics) */ = {
			isa = XCBuildConfiguration;
			buildSettings = {
				ARCHS = "$(ARCHS_STANDARD_32_64_BIT)";
				EXTRAS = graphics;
				MODE = release;
				NUM_PROCESSORS = 4;
				PRODUCT_NAME = RosettaMini;
			};
			name = "Release (graphics)";
		};
		3B797E730F4394D000C7ACB4 /* Release (graphics) */ = {
			isa = XCBuildConfiguration;
			buildSettings = {
			};
			name = "Release (graphics)";
		};
		3B797E740F4394D000C7ACB4 /* Release (graphics) */ = {
			isa = XCBuildConfiguration;
			buildSettings = {
			};
			name = "Release (graphics)";
		};
		3B797E750F4394D000C7ACB4 /* Release (graphics) */ = {
			isa = XCBuildConfiguration;
			buildSettings = {
			};
			name = "Release (graphics)";
		};
		3B797E760F4394D000C7ACB4 /* Release (graphics) */ = {
			isa = XCBuildConfiguration;
			buildSettings = {
			};
			name = "Release (graphics)";
		};
		3B797E780F4394D000C7ACB4 /* Release (graphics) */ = {
			isa = XCBuildConfiguration;
			buildSettings = {
			};
			name = "Release (graphics)";
		};
		3B797E790F4394D000C7ACB4 /* Release (graphics) */ = {
			isa = XCBuildConfiguration;
			buildSettings = {
			};
			name = "Release (graphics)";
		};
		3B797E7C0F43952600C7ACB4 /* Debug */ = {
			isa = XCBuildConfiguration;
			buildSettings = {
			};
			name = Debug;
		};
		3B797E7D0F43952600C7ACB4 /* Debug (static) */ = {
			isa = XCBuildConfiguration;
			buildSettings = {
			};
			name = "Debug (static)";
		};
		3B797E7E0F43952600C7ACB4 /* Debug (graphics) */ = {
			isa = XCBuildConfiguration;
			buildSettings = {
			};
			name = "Debug (graphics)";
		};
		3B797E7F0F43952600C7ACB4 /* Release */ = {
			isa = XCBuildConfiguration;
			buildSettings = {
			};
			name = Release;
		};
		3B797E800F43952600C7ACB4 /* Release (static) */ = {
			isa = XCBuildConfiguration;
			buildSettings = {
			};
			name = "Release (static)";
		};
		3B797E810F43952600C7ACB4 /* Release (graphics) */ = {
			isa = XCBuildConfiguration;
			buildSettings = {
			};
			name = "Release (graphics)";
		};
		3B92F1A40C4FFEA100BA36DE /* Debug (static) */ = {
			isa = XCBuildConfiguration;
			buildSettings = {
			};
			name = "Debug (static)";
		};
		3B92F1A50C4FFEA100BA36DE /* Release (static) */ = {
			isa = XCBuildConfiguration;
			buildSettings = {
			};
			name = "Release (static)";
		};
		3B92F1A60C4FFEA100BA36DE /* Debug (static) */ = {
			isa = XCBuildConfiguration;
			buildSettings = {
				ARCHS = "$(ARCHS_STANDARD_32_64_BIT)";
				EXTRAS = static;
				MODE = debug;
				NUM_PROCESSORS = 4;
				PRODUCT_NAME = RosettaMini;
			};
			name = "Debug (static)";
		};
		3B92F1A70C4FFEA100BA36DE /* Release (static) */ = {
			isa = XCBuildConfiguration;
			buildSettings = {
				ARCHS = "$(ARCHS_STANDARD_32_64_BIT)";
				EXTRAS = static;
				MODE = release;
				NUM_PROCESSORS = 4;
				PRODUCT_NAME = RosettaMini;
			};
			name = "Release (static)";
		};
		3BE45AA60D6FA0B400E02709 /* Debug */ = {
			isa = XCBuildConfiguration;
			buildSettings = {
			};
			name = Debug;
		};
		3BE45AA70D6FA0B400E02709 /* Debug (static) */ = {
			isa = XCBuildConfiguration;
			buildSettings = {
			};
			name = "Debug (static)";
		};
		3BE45AA80D6FA0B400E02709 /* Release */ = {
			isa = XCBuildConfiguration;
			buildSettings = {
			};
			name = Release;
		};
		3BE45AA90D6FA0B400E02709 /* Release (static) */ = {
			isa = XCBuildConfiguration;
			buildSettings = {
			};
			name = "Release (static)";
		};
		3BE45EB50D6FAA4A00E02709 /* Debug */ = {
			isa = XCBuildConfiguration;
			buildSettings = {
			};
			name = Debug;
		};
		3BE45EB60D6FAA4A00E02709 /* Debug (static) */ = {
			isa = XCBuildConfiguration;
			buildSettings = {
			};
			name = "Debug (static)";
		};
		3BE45EB70D6FAA4A00E02709 /* Release */ = {
			isa = XCBuildConfiguration;
			buildSettings = {
			};
			name = Release;
		};
		3BE45EB80D6FAA4A00E02709 /* Release (static) */ = {
			isa = XCBuildConfiguration;
			buildSettings = {
			};
			name = "Release (static)";
		};
		3D39AD6E136A7021005166F3 /* Debug */ = {
			isa = XCBuildConfiguration;
			buildSettings = {
				ALWAYS_SEARCH_USER_PATHS = NO;
				COPY_PHASE_STRIP = NO;
				GCC_C_LANGUAGE_STANDARD = gnu99;
				GCC_DYNAMIC_NO_PIC = NO;
				GCC_ENABLE_OBJC_EXCEPTIONS = YES;
				GCC_OPTIMIZATION_LEVEL = 0;
				GCC_PREPROCESSOR_DEFINITIONS = DEBUG;
				GCC_SYMBOLS_PRIVATE_EXTERN = NO;
				GCC_VERSION = com.apple.compilers.llvm.clang.1_0;
				GCC_WARN_64_TO_32_BIT_CONVERSION = YES;
				GCC_WARN_ABOUT_RETURN_TYPE = YES;
				GCC_WARN_UNUSED_VARIABLE = YES;
				MACOSX_DEPLOYMENT_TARGET = 10.6;
				ONLY_ACTIVE_ARCH = YES;
				PRODUCT_NAME = "$(TARGET_NAME)";
				SDKROOT = macosx;
			};
			name = Debug;
		};
		3D39AD6F136A7021005166F3 /* Debug (static) */ = {
			isa = XCBuildConfiguration;
			buildSettings = {
				ALWAYS_SEARCH_USER_PATHS = NO;
				COPY_PHASE_STRIP = NO;
				GCC_C_LANGUAGE_STANDARD = gnu99;
				GCC_DYNAMIC_NO_PIC = NO;
				GCC_ENABLE_OBJC_EXCEPTIONS = YES;
				GCC_OPTIMIZATION_LEVEL = 0;
				GCC_PREPROCESSOR_DEFINITIONS = DEBUG;
				GCC_SYMBOLS_PRIVATE_EXTERN = NO;
				GCC_VERSION = com.apple.compilers.llvm.clang.1_0;
				GCC_WARN_64_TO_32_BIT_CONVERSION = YES;
				GCC_WARN_ABOUT_RETURN_TYPE = YES;
				GCC_WARN_UNUSED_VARIABLE = YES;
				MACOSX_DEPLOYMENT_TARGET = 10.6;
				ONLY_ACTIVE_ARCH = YES;
				PRODUCT_NAME = "$(TARGET_NAME)";
				SDKROOT = macosx;
			};
			name = "Debug (static)";
		};
		3D39AD70136A7021005166F3 /* Debug (graphics) */ = {
			isa = XCBuildConfiguration;
			buildSettings = {
				ALWAYS_SEARCH_USER_PATHS = NO;
				COPY_PHASE_STRIP = NO;
				GCC_C_LANGUAGE_STANDARD = gnu99;
				GCC_DYNAMIC_NO_PIC = NO;
				GCC_ENABLE_OBJC_EXCEPTIONS = YES;
				GCC_OPTIMIZATION_LEVEL = 0;
				GCC_PREPROCESSOR_DEFINITIONS = DEBUG;
				GCC_SYMBOLS_PRIVATE_EXTERN = NO;
				GCC_VERSION = com.apple.compilers.llvm.clang.1_0;
				GCC_WARN_64_TO_32_BIT_CONVERSION = YES;
				GCC_WARN_ABOUT_RETURN_TYPE = YES;
				GCC_WARN_UNUSED_VARIABLE = YES;
				MACOSX_DEPLOYMENT_TARGET = 10.6;
				ONLY_ACTIVE_ARCH = YES;
				PRODUCT_NAME = "$(TARGET_NAME)";
				SDKROOT = macosx;
			};
			name = "Debug (graphics)";
		};
		3D39AD71136A7021005166F3 /* Release */ = {
			isa = XCBuildConfiguration;
			buildSettings = {
				ALWAYS_SEARCH_USER_PATHS = NO;
				COPY_PHASE_STRIP = YES;
				DEBUG_INFORMATION_FORMAT = "dwarf-with-dsym";
				GCC_C_LANGUAGE_STANDARD = gnu99;
				GCC_ENABLE_OBJC_EXCEPTIONS = YES;
				GCC_VERSION = com.apple.compilers.llvm.clang.1_0;
				GCC_WARN_64_TO_32_BIT_CONVERSION = YES;
				GCC_WARN_ABOUT_RETURN_TYPE = YES;
				GCC_WARN_UNUSED_VARIABLE = YES;
				MACOSX_DEPLOYMENT_TARGET = 10.6;
				PRODUCT_NAME = "$(TARGET_NAME)";
				SDKROOT = macosx;
			};
			name = Release;
		};
		3D39AD72136A7021005166F3 /* Release (static) */ = {
			isa = XCBuildConfiguration;
			buildSettings = {
				ALWAYS_SEARCH_USER_PATHS = NO;
				COPY_PHASE_STRIP = YES;
				DEBUG_INFORMATION_FORMAT = "dwarf-with-dsym";
				GCC_C_LANGUAGE_STANDARD = gnu99;
				GCC_ENABLE_OBJC_EXCEPTIONS = YES;
				GCC_VERSION = com.apple.compilers.llvm.clang.1_0;
				GCC_WARN_64_TO_32_BIT_CONVERSION = YES;
				GCC_WARN_ABOUT_RETURN_TYPE = YES;
				GCC_WARN_UNUSED_VARIABLE = YES;
				MACOSX_DEPLOYMENT_TARGET = 10.6;
				PRODUCT_NAME = "$(TARGET_NAME)";
				SDKROOT = macosx;
			};
			name = "Release (static)";
		};
		3D39AD73136A7021005166F3 /* Release (graphics) */ = {
			isa = XCBuildConfiguration;
			buildSettings = {
				ALWAYS_SEARCH_USER_PATHS = NO;
				COPY_PHASE_STRIP = YES;
				DEBUG_INFORMATION_FORMAT = "dwarf-with-dsym";
				GCC_C_LANGUAGE_STANDARD = gnu99;
				GCC_ENABLE_OBJC_EXCEPTIONS = YES;
				GCC_VERSION = com.apple.compilers.llvm.clang.1_0;
				GCC_WARN_64_TO_32_BIT_CONVERSION = YES;
				GCC_WARN_ABOUT_RETURN_TYPE = YES;
				GCC_WARN_UNUSED_VARIABLE = YES;
				MACOSX_DEPLOYMENT_TARGET = 10.6;
				PRODUCT_NAME = "$(TARGET_NAME)";
				SDKROOT = macosx;
			};
			name = "Release (graphics)";
		};
		A5BC42701301F4C10099E071 /* Debug */ = {
			isa = XCBuildConfiguration;
			buildSettings = {
			};
			name = Debug;
		};
		A5BC42711301F4C10099E071 /* Debug (static) */ = {
			isa = XCBuildConfiguration;
			buildSettings = {
			};
			name = "Debug (static)";
		};
		A5BC42721301F4C10099E071 /* Debug (graphics) */ = {
			isa = XCBuildConfiguration;
			buildSettings = {
			};
			name = "Debug (graphics)";
		};
		A5BC42731301F4C10099E071 /* Release */ = {
			isa = XCBuildConfiguration;
			buildSettings = {
			};
			name = Release;
		};
		A5BC42741301F4C10099E071 /* Release (static) */ = {
			isa = XCBuildConfiguration;
			buildSettings = {
			};
			name = "Release (static)";
		};
		A5BC42751301F4C10099E071 /* Release (graphics) */ = {
			isa = XCBuildConfiguration;
			buildSettings = {
			};
			name = "Release (graphics)";
		};
		A606E33B0F14577500C63546 /* Debug */ = {
			isa = XCBuildConfiguration;
			buildSettings = {
			};
			name = Debug;
		};
		A606E33C0F14577500C63546 /* Debug (static) */ = {
			isa = XCBuildConfiguration;
			buildSettings = {
			};
			name = "Debug (static)";
		};
		A606E33D0F14577500C63546 /* Release */ = {
			isa = XCBuildConfiguration;
			buildSettings = {
			};
			name = Release;
		};
		A606E33E0F14577500C63546 /* Release (static) */ = {
			isa = XCBuildConfiguration;
			buildSettings = {
			};
			name = "Release (static)";
		};
		A606E3430F1457D900C63546 /* Debug */ = {
			isa = XCBuildConfiguration;
			buildSettings = {
			};
			name = Debug;
		};
		A606E3440F1457D900C63546 /* Debug (static) */ = {
			isa = XCBuildConfiguration;
			buildSettings = {
			};
			name = "Debug (static)";
		};
		A606E3450F1457D900C63546 /* Release */ = {
			isa = XCBuildConfiguration;
			buildSettings = {
			};
			name = Release;
		};
		A606E3460F1457D900C63546 /* Release (static) */ = {
			isa = XCBuildConfiguration;
			buildSettings = {
			};
			name = "Release (static)";
		};
		A6CA6CEF0D7679EF00F2049F /* Debug */ = {
			isa = XCBuildConfiguration;
			buildSettings = {
			};
			name = Debug;
		};
		A6CA6CF00D7679EF00F2049F /* Debug (static) */ = {
			isa = XCBuildConfiguration;
			buildSettings = {
			};
			name = "Debug (static)";
		};
		A6CA6CF10D7679EF00F2049F /* Release */ = {
			isa = XCBuildConfiguration;
			buildSettings = {
			};
			name = Release;
		};
		A6CA6CF20D7679EF00F2049F /* Release (static) */ = {
			isa = XCBuildConfiguration;
			buildSettings = {
			};
			name = "Release (static)";
		};
/* End XCBuildConfiguration section */

/* Begin XCConfigurationList section */
		1DEB918F08733D9F0010E9CD /* Build configuration list for PBXLegacyTarget "Libraries" */ = {
			isa = XCConfigurationList;
			buildConfigurations = (
				1DEB919008733D9F0010E9CD /* Debug */,
				3B92F1A40C4FFEA100BA36DE /* Debug (static) */,
				3B797E6B0F4394C800C7ACB4 /* Debug (graphics) */,
				1DEB919108733D9F0010E9CD /* Release */,
				3B92F1A50C4FFEA100BA36DE /* Release (static) */,
				3B797E730F4394D000C7ACB4 /* Release (graphics) */,
			);
			defaultConfigurationIsVisible = 0;
			defaultConfigurationName = Release;
		};
		1DEB919308733D9F0010E9CD /* Build configuration list for PBXProject "RosettaMini" */ = {
			isa = XCConfigurationList;
			buildConfigurations = (
				1DEB919408733D9F0010E9CD /* Debug */,
				3B92F1A60C4FFEA100BA36DE /* Debug (static) */,
				3B797E6A0F4394C800C7ACB4 /* Debug (graphics) */,
				1DEB919508733D9F0010E9CD /* Release */,
				3B92F1A70C4FFEA100BA36DE /* Release (static) */,
				3B797E720F4394D000C7ACB4 /* Release (graphics) */,
			);
			defaultConfigurationIsVisible = 0;
			defaultConfigurationName = Release;
		};
		3B797E7B0F43952600C7ACB4 /* Build configuration list for PBXLegacyTarget "Libraries & Default+My Apps" */ = {
			isa = XCConfigurationList;
			buildConfigurations = (
				3B797E7C0F43952600C7ACB4 /* Debug */,
				3B797E7D0F43952600C7ACB4 /* Debug (static) */,
				3B797E7E0F43952600C7ACB4 /* Debug (graphics) */,
				3B797E7F0F43952600C7ACB4 /* Release */,
				3B797E800F43952600C7ACB4 /* Release (static) */,
				3B797E810F43952600C7ACB4 /* Release (graphics) */,
			);
			defaultConfigurationIsVisible = 0;
			defaultConfigurationName = Release;
		};
		3BE45AA50D6FA0B400E02709 /* Build configuration list for PBXLegacyTarget "Test" */ = {
			isa = XCConfigurationList;
			buildConfigurations = (
				3BE45AA60D6FA0B400E02709 /* Debug */,
				3BE45AA70D6FA0B400E02709 /* Debug (static) */,
				3B797E6C0F4394C800C7ACB4 /* Debug (graphics) */,
				3BE45AA80D6FA0B400E02709 /* Release */,
				3BE45AA90D6FA0B400E02709 /* Release (static) */,
				3B797E740F4394D000C7ACB4 /* Release (graphics) */,
			);
			defaultConfigurationIsVisible = 0;
			defaultConfigurationName = Release;
		};
		3BE45EBE0D6FAA9700E02709 /* Build configuration list for PBXAggregateTarget "Libraries & Test" */ = {
			isa = XCConfigurationList;
			buildConfigurations = (
				3BE45EB50D6FAA4A00E02709 /* Debug */,
				3BE45EB60D6FAA4A00E02709 /* Debug (static) */,
				3B797E6D0F4394C800C7ACB4 /* Debug (graphics) */,
				3BE45EB70D6FAA4A00E02709 /* Release */,
				3BE45EB80D6FAA4A00E02709 /* Release (static) */,
				3B797E750F4394D000C7ACB4 /* Release (graphics) */,
			);
			defaultConfigurationIsVisible = 0;
			defaultConfigurationName = Release;
		};
		3D39AD74136A7021005166F3 /* Build configuration list for PBXNativeTarget "dummy" */ = {
			isa = XCConfigurationList;
			buildConfigurations = (
				3D39AD6E136A7021005166F3 /* Debug */,
				3D39AD6F136A7021005166F3 /* Debug (static) */,
				3D39AD70136A7021005166F3 /* Debug (graphics) */,
				3D39AD71136A7021005166F3 /* Release */,
				3D39AD72136A7021005166F3 /* Release (static) */,
				3D39AD73136A7021005166F3 /* Release (graphics) */,
			);
			defaultConfigurationIsVisible = 0;
			defaultConfigurationName = Release;
		};
		A5BC426F1301F4C10099E071 /* Build configuration list for PBXLegacyTarget "PyRosetta" */ = {
			isa = XCConfigurationList;
			buildConfigurations = (
				A5BC42701301F4C10099E071 /* Debug */,
				A5BC42711301F4C10099E071 /* Debug (static) */,
				A5BC42721301F4C10099E071 /* Debug (graphics) */,
				A5BC42731301F4C10099E071 /* Release */,
				A5BC42741301F4C10099E071 /* Release (static) */,
				A5BC42751301F4C10099E071 /* Release (graphics) */,
			);
			defaultConfigurationIsVisible = 0;
			defaultConfigurationName = Release;
		};
		A606E33A0F14577500C63546 /* Build configuration list for PBXLegacyTarget "Libraries & loopmodel" */ = {
			isa = XCConfigurationList;
			buildConfigurations = (
				A606E33B0F14577500C63546 /* Debug */,
				A606E33C0F14577500C63546 /* Debug (static) */,
				3B797E700F4394C800C7ACB4 /* Debug (graphics) */,
				A606E33D0F14577500C63546 /* Release */,
				A606E33E0F14577500C63546 /* Release (static) */,
				3B797E780F4394D000C7ACB4 /* Release (graphics) */,
			);
			defaultConfigurationIsVisible = 0;
			defaultConfigurationName = Release;
		};
		A606E3420F1457D900C63546 /* Build configuration list for PBXLegacyTarget "Libraries & loopmodel Debug" */ = {
			isa = XCConfigurationList;
			buildConfigurations = (
				A606E3430F1457D900C63546 /* Debug */,
				A606E3440F1457D900C63546 /* Debug (static) */,
				3B797E710F4394C800C7ACB4 /* Debug (graphics) */,
				A606E3450F1457D900C63546 /* Release */,
				A606E3460F1457D900C63546 /* Release (static) */,
				3B797E790F4394D000C7ACB4 /* Release (graphics) */,
			);
			defaultConfigurationIsVisible = 0;
			defaultConfigurationName = Release;
		};
		A6CA6CEE0D7679EF00F2049F /* Build configuration list for PBXLegacyTarget "Libraries & All Apps" */ = {
			isa = XCConfigurationList;
			buildConfigurations = (
				A6CA6CEF0D7679EF00F2049F /* Debug */,
				A6CA6CF00D7679EF00F2049F /* Debug (static) */,
				3B797E6E0F4394C800C7ACB4 /* Debug (graphics) */,
				A6CA6CF10D7679EF00F2049F /* Release */,
				A6CA6CF20D7679EF00F2049F /* Release (static) */,
				3B797E760F4394D000C7ACB4 /* Release (graphics) */,
			);
			defaultConfigurationIsVisible = 0;
			defaultConfigurationName = Release;
		};
/* End XCConfigurationList section */
	};
	rootObject = 08FB7793FE84155DC02AAC07 /* Project object */;
}
