
Microsoft Visual Studio Solution File, Format Version 11.00
# Visual Studio 2010
Project("{8BC9CEB8-8B4A-11D0-8D11-00A0C91BC942}") = "ObjexxFCL", "ObjexxFCL\ObjexxFCL.vcxproj", "{C118AB36-F5FA-4772-99D4-CAC005CBF383}"
EndProject
Project("{8BC9CEB8-8B4A-11D0-8D11-00A0C91BC942}") = "numeric", "numeric\numeric.vcxproj", "{E51F9150-77FD-4CD7-A316-70692505E2C6}"
EndProject
Project("{8BC9CEB8-8B4A-11D0-8D11-00A0C91BC942}") = "core.1", "core.1\core.1.vcxproj", "{DCC27C01-8B68-43D3-9A87-BB0F25AF2DDE}"
EndProject
Project("{8BC9CEB8-8B4A-11D0-8D11-00A0C91BC942}") = "utility", "utility\utility.vcxproj", "{381331FC-4F59-4988-8D6C-30ACFE567D17}"
EndProject
Project("{8BC9CEB8-8B4A-11D0-8D11-00A0C91BC942}") = "minirosetta", "apps\minirosetta.vcxproj", "{71FF633D-67F6-458C-AC4C-55552F1155D3}"
EndProject
Project("{8BC9CEB8-8B4A-11D0-8D11-00A0C91BC942}") = "boinc_zip", "external\boinc_zip\boinc_zip.vcxproj", "{753E897D-9ECE-42B1-9F0D-CD566775C77E}"
EndProject
Project("{8BC9CEB8-8B4A-11D0-8D11-00A0C91BC942}") = "minirosetta_graphics", "apps\minirosetta_graphics.vcxproj", "{60C2D21F-2CB7-4D8A-A508-DA2553AEEEBA}"
EndProject
Project("{8BC9CEB8-8B4A-11D0-8D11-00A0C91BC942}") = "core.2", "core.2\core.2.vcxproj", "{11CB2EA1-1CBF-4994-9AA0-9D9EE9548A1E}"
EndProject
Project("{8BC9CEB8-8B4A-11D0-8D11-00A0C91BC942}") = "core.3", "core.3\core.3.vcxproj", "{DB822B58-C006-4F82-9AFC-AC7F65B04FAF}"
EndProject
Project("{8BC9CEB8-8B4A-11D0-8D11-00A0C91BC942}") = "core.4", "core.4\core.4.vcxproj", "{58BB0BEF-C1CD-4BD9-BE13-71E2A6268AF4}"
EndProject
Project("{8BC9CEB8-8B4A-11D0-8D11-00A0C91BC942}") = "core.5", "core.5\core.5.vcxproj", "{A3EFED30-A198-4D1C-A358-FD1BDBA15B84}"
EndProject
Project("{8BC9CEB8-8B4A-11D0-8D11-00A0C91BC942}") = "basic", "basic\basic.vcxproj", "{EAAF28E3-A241-4B1B-8571-3CD6D5940672}"
EndProject
Project("{8BC9CEB8-8B4A-11D0-8D11-00A0C91BC942}") = "cppdb", "cppdb\cppdb.vcxproj", "{55B97FE9-115A-48F0-8DCD-2DE780F357B2}"
EndProject
Project("{8BC9CEB8-8B4A-11D0-8D11-00A0C91BC942}") = "sqlite3", "sqlite3\sqlite3.vcxproj", "{23B47229-A66C-4042-B04D-D65F67FB3BC5}"
EndProject
Project("{8BC9CEB8-8B4A-11D0-8D11-00A0C91BC942}") = "protocols.1", "protocols.1\protocols.1.vcxproj", "{4740A508-D81B-49C7-B9F1-551CC857279C}"
EndProject
Project("{8BC9CEB8-8B4A-11D0-8D11-00A0C91BC942}") = "protocols_a.2", "protocols_a.2\protocols_a.2.vcxproj", "{F062F268-8509-4F44-B4E1-030696731E60}"
EndProject
Project("{8BC9CEB8-8B4A-11D0-8D11-00A0C91BC942}") = "protocols_b.2", "protocols_b.2\protocols_b.2.vcxproj", "{445BF4E0-93BF-407C-9743-4E60DA9977BE}"
EndProject
Project("{8BC9CEB8-8B4A-11D0-8D11-00A0C91BC942}") = "protocols.3", "protocols.3\protocols.3.vcxproj", "{91864D53-14B9-4142-A9F7-CB571DB9AC08}"
EndProject
Project("{8BC9CEB8-8B4A-11D0-8D11-00A0C91BC942}") = "protocols_a.4", "protocols_a.4\protocols_a.4.vcxproj", "{60CCC356-9906-4E6F-AB24-DFAAC4DDFA7F}"
EndProject
Project("{8BC9CEB8-8B4A-11D0-8D11-00A0C91BC942}") = "protocols_b.4", "protocols_b.4\protocols_b.4.vcxproj", "{440A0496-BC1A-4984-B46C-84AFBB635F1C}"
EndProject
Project("{8BC9CEB8-8B4A-11D0-8D11-00A0C91BC942}") = "protocols_c.4", "protocols_c.4\protocols_c.4.vcxproj", "{221C95E4-F8A5-4203-A593-00791FDB457B}"
EndProject
Project("{8BC9CEB8-8B4A-11D0-8D11-00A0C91BC942}") = "protocols_d.4", "protocols_d.4\protocols_d.4.vcxproj", "{ED05A226-10AD-4CDF-B792-643E5522B83F}"
EndProject
Project("{8BC9CEB8-8B4A-11D0-8D11-00A0C91BC942}") = "protocols_e.4", "protocols_e.4\protocols_e.4.vcxproj", "{EA2940B8-F184-4506-B3C6-28F5C98F2214}"
EndProject
Project("{8BC9CEB8-8B4A-11D0-8D11-00A0C91BC942}") = "protocols_f.4", "protocols_f.4\protocols_f.4.vcxproj", "{1F2DFD3E-EF08-458B-A970-DEEA9D8F5A12}"
EndProject
Project("{8BC9CEB8-8B4A-11D0-8D11-00A0C91BC942}") = "protocols_g.4", "protocols_g.4\protocols_g.4.vcxproj", "{EBA3B9D2-035F-4328-A219-80A692D818F0}"
EndProject
Project("{8BC9CEB8-8B4A-11D0-8D11-00A0C91BC942}") = "protocols_h.4", "protocols_h.4\protocols_h.4.vcxproj", "{C2BF8510-7AB3-477D-B03D-DDD29CF3A655}"
EndProject
Project("{8BC9CEB8-8B4A-11D0-8D11-00A0C91BC942}") = "protocols_a.5", "protocols_a.5\protocols_a.5.vcxproj", "{21F7184F-D15C-4B2F-9720-0B32BDF9529A}"
EndProject
Project("{8BC9CEB8-8B4A-11D0-8D11-00A0C91BC942}") = "protocols_b.5", "protocols_b.5\protocols_b.5.vcxproj", "{CC542E55-7586-410C-BCFA-231E45B940AD}"
EndProject
Project("{8BC9CEB8-8B4A-11D0-8D11-00A0C91BC942}") = "protocols_c.5", "protocols_c.5\protocols_c.5.vcxproj", "{82FE342C-CC0D-4D44-8A04-6C711644EF50}"
EndProject
Project("{8BC9CEB8-8B4A-11D0-8D11-00A0C91BC942}") = "protocols_d.5", "protocols_d.5\protocols_d.5.vcxproj", "{AE5475D2-9265-4B82-8CA9-37EC63F7DD31}"
EndProject
Project("{8BC9CEB8-8B4A-11D0-8D11-00A0C91BC942}") = "protocols_e.5", "protocols_e.5\protocols_e.5.vcxproj", "{3FD58214-833E-49A7-BE67-D182EA442D01}"
EndProject
Project("{8BC9CEB8-8B4A-11D0-8D11-00A0C91BC942}") = "protocols_f.5", "protocols_f.5\protocols_f.5.vcxproj", "{BB2C0063-62E9-4ACD-BD82-9129AF8F3131}"
EndProject
Project("{8BC9CEB8-8B4A-11D0-8D11-00A0C91BC942}") = "protocols.6", "protocols.6\protocols.6.vcxproj", "{3529CB28-7571-405A-999B-B3B554F8F94E}"
EndProject
Project("{8BC9CEB8-8B4A-11D0-8D11-00A0C91BC942}") = "protocols.7", "protocols.7\protocols.7.vcxproj", "{B08DEC7A-C691-41DD-8A04-67CEA33526EF}"
EndProject
Global
	GlobalSection(SolutionConfigurationPlatforms) = preSolution
		BoincDebug|Win32 = BoincDebug|Win32
		BoincRelease|Win32 = BoincRelease|Win32
		Debug|Win32 = Debug|Win32
		Release|Win32 = Release|Win32
		ReleaseLocal|Win32 = ReleaseLocal|Win32
	EndGlobalSection
	GlobalSection(ProjectConfigurationPlatforms) = postSolution
		{C118AB36-F5FA-4772-99D4-CAC005CBF383}.BoincDebug|Win32.ActiveCfg = BoincDebug|Win32
		{C118AB36-F5FA-4772-99D4-CAC005CBF383}.BoincDebug|Win32.Build.0 = BoincDebug|Win32
		{C118AB36-F5FA-4772-99D4-CAC005CBF383}.BoincRelease|Win32.ActiveCfg = BoincRelease|Win32
		{C118AB36-F5FA-4772-99D4-CAC005CBF383}.BoincRelease|Win32.Build.0 = BoincRelease|Win32
		{C118AB36-F5FA-4772-99D4-CAC005CBF383}.Debug|Win32.ActiveCfg = Debug|Win32
		{C118AB36-F5FA-4772-99D4-CAC005CBF383}.Debug|Win32.Build.0 = Debug|Win32
		{C118AB36-F5FA-4772-99D4-CAC005CBF383}.Release|Win32.ActiveCfg = Release|Win32
		{C118AB36-F5FA-4772-99D4-CAC005CBF383}.Release|Win32.Build.0 = Release|Win32
		{C118AB36-F5FA-4772-99D4-CAC005CBF383}.ReleaseLocal|Win32.ActiveCfg = Release|Win32
		{C118AB36-F5FA-4772-99D4-CAC005CBF383}.ReleaseLocal|Win32.Build.0 = Release|Win32
		{E51F9150-77FD-4CD7-A316-70692505E2C6}.BoincDebug|Win32.ActiveCfg = BoincDebug|Win32
		{E51F9150-77FD-4CD7-A316-70692505E2C6}.BoincDebug|Win32.Build.0 = BoincDebug|Win32
		{E51F9150-77FD-4CD7-A316-70692505E2C6}.BoincRelease|Win32.ActiveCfg = BoincRelease|Win32
		{E51F9150-77FD-4CD7-A316-70692505E2C6}.BoincRelease|Win32.Build.0 = BoincRelease|Win32
		{E51F9150-77FD-4CD7-A316-70692505E2C6}.Debug|Win32.ActiveCfg = Debug|Win32
		{E51F9150-77FD-4CD7-A316-70692505E2C6}.Debug|Win32.Build.0 = Debug|Win32
		{E51F9150-77FD-4CD7-A316-70692505E2C6}.Release|Win32.ActiveCfg = Release|Win32
		{E51F9150-77FD-4CD7-A316-70692505E2C6}.Release|Win32.Build.0 = Release|Win32
		{E51F9150-77FD-4CD7-A316-70692505E2C6}.ReleaseLocal|Win32.ActiveCfg = ReleaseLocal|Win32
		{E51F9150-77FD-4CD7-A316-70692505E2C6}.ReleaseLocal|Win32.Build.0 = ReleaseLocal|Win32
		{DCC27C01-8B68-43D3-9A87-BB0F25AF2DDE}.BoincDebug|Win32.ActiveCfg = BoincDebug|Win32
		{DCC27C01-8B68-43D3-9A87-BB0F25AF2DDE}.BoincDebug|Win32.Build.0 = BoincDebug|Win32
		{DCC27C01-8B68-43D3-9A87-BB0F25AF2DDE}.BoincRelease|Win32.ActiveCfg = BoincRelease|Win32
		{DCC27C01-8B68-43D3-9A87-BB0F25AF2DDE}.BoincRelease|Win32.Build.0 = BoincRelease|Win32
		{DCC27C01-8B68-43D3-9A87-BB0F25AF2DDE}.Debug|Win32.ActiveCfg = Debug|Win32
		{DCC27C01-8B68-43D3-9A87-BB0F25AF2DDE}.Debug|Win32.Build.0 = Debug|Win32
		{DCC27C01-8B68-43D3-9A87-BB0F25AF2DDE}.Release|Win32.ActiveCfg = Release|Win32
		{DCC27C01-8B68-43D3-9A87-BB0F25AF2DDE}.Release|Win32.Build.0 = Release|Win32
		{DCC27C01-8B68-43D3-9A87-BB0F25AF2DDE}.ReleaseLocal|Win32.ActiveCfg = ReleaseLocal|Win32
		{DCC27C01-8B68-43D3-9A87-BB0F25AF2DDE}.ReleaseLocal|Win32.Build.0 = ReleaseLocal|Win32
		{381331FC-4F59-4988-8D6C-30ACFE567D17}.BoincDebug|Win32.ActiveCfg = BoincDebug|Win32
		{381331FC-4F59-4988-8D6C-30ACFE567D17}.BoincDebug|Win32.Build.0 = BoincDebug|Win32
		{381331FC-4F59-4988-8D6C-30ACFE567D17}.BoincRelease|Win32.ActiveCfg = BoincRelease|Win32
		{381331FC-4F59-4988-8D6C-30ACFE567D17}.BoincRelease|Win32.Build.0 = BoincRelease|Win32
		{381331FC-4F59-4988-8D6C-30ACFE567D17}.Debug|Win32.ActiveCfg = Debug|Win32
		{381331FC-4F59-4988-8D6C-30ACFE567D17}.Debug|Win32.Build.0 = Debug|Win32
		{381331FC-4F59-4988-8D6C-30ACFE567D17}.Release|Win32.ActiveCfg = Release|Win32
		{381331FC-4F59-4988-8D6C-30ACFE567D17}.Release|Win32.Build.0 = Release|Win32
		{381331FC-4F59-4988-8D6C-30ACFE567D17}.ReleaseLocal|Win32.ActiveCfg = ReleaseLocal|Win32
		{381331FC-4F59-4988-8D6C-30ACFE567D17}.ReleaseLocal|Win32.Build.0 = ReleaseLocal|Win32
		{71FF633D-67F6-458C-AC4C-55552F1155D3}.BoincDebug|Win32.ActiveCfg = BoincDebug|Win32
		{71FF633D-67F6-458C-AC4C-55552F1155D3}.BoincDebug|Win32.Build.0 = BoincDebug|Win32
		{71FF633D-67F6-458C-AC4C-55552F1155D3}.BoincRelease|Win32.ActiveCfg = BoincRelease|Win32
		{71FF633D-67F6-458C-AC4C-55552F1155D3}.BoincRelease|Win32.Build.0 = BoincRelease|Win32
		{71FF633D-67F6-458C-AC4C-55552F1155D3}.Debug|Win32.ActiveCfg = Debug|Win32
		{71FF633D-67F6-458C-AC4C-55552F1155D3}.Debug|Win32.Build.0 = Debug|Win32
		{71FF633D-67F6-458C-AC4C-55552F1155D3}.Release|Win32.ActiveCfg = Release|Win32
		{71FF633D-67F6-458C-AC4C-55552F1155D3}.Release|Win32.Build.0 = Release|Win32
		{71FF633D-67F6-458C-AC4C-55552F1155D3}.ReleaseLocal|Win32.ActiveCfg = Release|Win32
		{71FF633D-67F6-458C-AC4C-55552F1155D3}.ReleaseLocal|Win32.Build.0 = Release|Win32
		{753E897D-9ECE-42B1-9F0D-CD566775C77E}.BoincDebug|Win32.ActiveCfg = BoincDebug|Win32
		{753E897D-9ECE-42B1-9F0D-CD566775C77E}.BoincDebug|Win32.Build.0 = BoincDebug|Win32
		{753E897D-9ECE-42B1-9F0D-CD566775C77E}.BoincRelease|Win32.ActiveCfg = BoincRelease|Win32
		{753E897D-9ECE-42B1-9F0D-CD566775C77E}.BoincRelease|Win32.Build.0 = BoincRelease|Win32
		{753E897D-9ECE-42B1-9F0D-CD566775C77E}.Debug|Win32.ActiveCfg = BoincDebug|Win32
		{753E897D-9ECE-42B1-9F0D-CD566775C77E}.Debug|Win32.Build.0 = BoincDebug|Win32
		{753E897D-9ECE-42B1-9F0D-CD566775C77E}.Release|Win32.ActiveCfg = BoincRelease|Win32
		{753E897D-9ECE-42B1-9F0D-CD566775C77E}.ReleaseLocal|Win32.ActiveCfg = Debug|Win32
		{753E897D-9ECE-42B1-9F0D-CD566775C77E}.ReleaseLocal|Win32.Build.0 = Debug|Win32
		{60C2D21F-2CB7-4D8A-A508-DA2553AEEEBA}.BoincDebug|Win32.ActiveCfg = BoincDebug|Win32
		{60C2D21F-2CB7-4D8A-A508-DA2553AEEEBA}.BoincDebug|Win32.Build.0 = BoincDebug|Win32
		{60C2D21F-2CB7-4D8A-A508-DA2553AEEEBA}.BoincRelease|Win32.ActiveCfg = BoincRelease|Win32
		{60C2D21F-2CB7-4D8A-A508-DA2553AEEEBA}.BoincRelease|Win32.Build.0 = BoincRelease|Win32
		{60C2D21F-2CB7-4D8A-A508-DA2553AEEEBA}.Debug|Win32.ActiveCfg = Debug|Win32
		{60C2D21F-2CB7-4D8A-A508-DA2553AEEEBA}.Debug|Win32.Build.0 = Debug|Win32
		{60C2D21F-2CB7-4D8A-A508-DA2553AEEEBA}.Release|Win32.ActiveCfg = Release|Win32
		{60C2D21F-2CB7-4D8A-A508-DA2553AEEEBA}.Release|Win32.Build.0 = Release|Win32
		{60C2D21F-2CB7-4D8A-A508-DA2553AEEEBA}.ReleaseLocal|Win32.ActiveCfg = Release|Win32
		{60C2D21F-2CB7-4D8A-A508-DA2553AEEEBA}.ReleaseLocal|Win32.Build.0 = Release|Win32
		{11CB2EA1-1CBF-4994-9AA0-9D9EE9548A1E}.BoincDebug|Win32.ActiveCfg = BoincDebug|Win32
		{11CB2EA1-1CBF-4994-9AA0-9D9EE9548A1E}.BoincDebug|Win32.Build.0 = BoincDebug|Win32
		{11CB2EA1-1CBF-4994-9AA0-9D9EE9548A1E}.BoincRelease|Win32.ActiveCfg = BoincRelease|Win32
		{11CB2EA1-1CBF-4994-9AA0-9D9EE9548A1E}.BoincRelease|Win32.Build.0 = BoincRelease|Win32
		{11CB2EA1-1CBF-4994-9AA0-9D9EE9548A1E}.Debug|Win32.ActiveCfg = Debug|Win32
		{11CB2EA1-1CBF-4994-9AA0-9D9EE9548A1E}.Debug|Win32.Build.0 = Debug|Win32
		{11CB2EA1-1CBF-4994-9AA0-9D9EE9548A1E}.Release|Win32.ActiveCfg = Release|Win32
		{11CB2EA1-1CBF-4994-9AA0-9D9EE9548A1E}.Release|Win32.Build.0 = Release|Win32
		{11CB2EA1-1CBF-4994-9AA0-9D9EE9548A1E}.ReleaseLocal|Win32.ActiveCfg = ReleaseLocal|Win32
		{11CB2EA1-1CBF-4994-9AA0-9D9EE9548A1E}.ReleaseLocal|Win32.Build.0 = ReleaseLocal|Win32
		{DB822B58-C006-4F82-9AFC-AC7F65B04FAF}.BoincDebug|Win32.ActiveCfg = BoincDebug|Win32
		{DB822B58-C006-4F82-9AFC-AC7F65B04FAF}.BoincDebug|Win32.Build.0 = BoincDebug|Win32
		{DB822B58-C006-4F82-9AFC-AC7F65B04FAF}.BoincRelease|Win32.ActiveCfg = BoincRelease|Win32
		{DB822B58-C006-4F82-9AFC-AC7F65B04FAF}.BoincRelease|Win32.Build.0 = BoincRelease|Win32
		{DB822B58-C006-4F82-9AFC-AC7F65B04FAF}.Debug|Win32.ActiveCfg = Debug|Win32
		{DB822B58-C006-4F82-9AFC-AC7F65B04FAF}.Debug|Win32.Build.0 = Debug|Win32
		{DB822B58-C006-4F82-9AFC-AC7F65B04FAF}.Release|Win32.ActiveCfg = Release|Win32
		{DB822B58-C006-4F82-9AFC-AC7F65B04FAF}.Release|Win32.Build.0 = Release|Win32
		{DB822B58-C006-4F82-9AFC-AC7F65B04FAF}.ReleaseLocal|Win32.ActiveCfg = ReleaseLocal|Win32
		{DB822B58-C006-4F82-9AFC-AC7F65B04FAF}.ReleaseLocal|Win32.Build.0 = ReleaseLocal|Win32
		{58BB0BEF-C1CD-4BD9-BE13-71E2A6268AF4}.BoincDebug|Win32.ActiveCfg = BoincDebug|Win32
		{58BB0BEF-C1CD-4BD9-BE13-71E2A6268AF4}.BoincDebug|Win32.Build.0 = BoincDebug|Win32
		{58BB0BEF-C1CD-4BD9-BE13-71E2A6268AF4}.BoincRelease|Win32.ActiveCfg = BoincRelease|Win32
		{58BB0BEF-C1CD-4BD9-BE13-71E2A6268AF4}.BoincRelease|Win32.Build.0 = BoincRelease|Win32
		{58BB0BEF-C1CD-4BD9-BE13-71E2A6268AF4}.Debug|Win32.ActiveCfg = Debug|Win32
		{58BB0BEF-C1CD-4BD9-BE13-71E2A6268AF4}.Debug|Win32.Build.0 = Debug|Win32
		{58BB0BEF-C1CD-4BD9-BE13-71E2A6268AF4}.Release|Win32.ActiveCfg = Release|Win32
		{58BB0BEF-C1CD-4BD9-BE13-71E2A6268AF4}.Release|Win32.Build.0 = Release|Win32
		{58BB0BEF-C1CD-4BD9-BE13-71E2A6268AF4}.ReleaseLocal|Win32.ActiveCfg = ReleaseLocal|Win32
		{58BB0BEF-C1CD-4BD9-BE13-71E2A6268AF4}.ReleaseLocal|Win32.Build.0 = ReleaseLocal|Win32
		{A3EFED30-A198-4D1C-A358-FD1BDBA15B84}.BoincDebug|Win32.ActiveCfg = BoincDebug|Win32
		{A3EFED30-A198-4D1C-A358-FD1BDBA15B84}.BoincDebug|Win32.Build.0 = BoincDebug|Win32
		{A3EFED30-A198-4D1C-A358-FD1BDBA15B84}.BoincRelease|Win32.ActiveCfg = BoincRelease|Win32
		{A3EFED30-A198-4D1C-A358-FD1BDBA15B84}.BoincRelease|Win32.Build.0 = BoincRelease|Win32
		{A3EFED30-A198-4D1C-A358-FD1BDBA15B84}.Debug|Win32.ActiveCfg = Debug|Win32
		{A3EFED30-A198-4D1C-A358-FD1BDBA15B84}.Debug|Win32.Build.0 = Debug|Win32
		{A3EFED30-A198-4D1C-A358-FD1BDBA15B84}.Release|Win32.ActiveCfg = Release|Win32
		{A3EFED30-A198-4D1C-A358-FD1BDBA15B84}.Release|Win32.Build.0 = Release|Win32
		{A3EFED30-A198-4D1C-A358-FD1BDBA15B84}.ReleaseLocal|Win32.ActiveCfg = ReleaseLocal|Win32
		{A3EFED30-A198-4D1C-A358-FD1BDBA15B84}.ReleaseLocal|Win32.Build.0 = ReleaseLocal|Win32
		{EAAF28E3-A241-4B1B-8571-3CD6D5940672}.BoincDebug|Win32.ActiveCfg = BoincDebug|Win32
		{EAAF28E3-A241-4B1B-8571-3CD6D5940672}.BoincDebug|Win32.Build.0 = BoincDebug|Win32
		{EAAF28E3-A241-4B1B-8571-3CD6D5940672}.BoincRelease|Win32.ActiveCfg = BoincRelease|Win32
		{EAAF28E3-A241-4B1B-8571-3CD6D5940672}.BoincRelease|Win32.Build.0 = BoincRelease|Win32
		{EAAF28E3-A241-4B1B-8571-3CD6D5940672}.Debug|Win32.ActiveCfg = Debug|Win32
		{EAAF28E3-A241-4B1B-8571-3CD6D5940672}.Debug|Win32.Build.0 = Debug|Win32
		{EAAF28E3-A241-4B1B-8571-3CD6D5940672}.Release|Win32.ActiveCfg = Release|Win32
		{EAAF28E3-A241-4B1B-8571-3CD6D5940672}.Release|Win32.Build.0 = Release|Win32
		{EAAF28E3-A241-4B1B-8571-3CD6D5940672}.ReleaseLocal|Win32.ActiveCfg = ReleaseLocal|Win32
		{EAAF28E3-A241-4B1B-8571-3CD6D5940672}.ReleaseLocal|Win32.Build.0 = ReleaseLocal|Win32
		{55B97FE9-115A-48F0-8DCD-2DE780F357B2}.BoincDebug|Win32.ActiveCfg = BoincDebug|Win32
		{55B97FE9-115A-48F0-8DCD-2DE780F357B2}.BoincDebug|Win32.Build.0 = BoincDebug|Win32
		{55B97FE9-115A-48F0-8DCD-2DE780F357B2}.BoincRelease|Win32.ActiveCfg = BoincRelease|Win32
		{55B97FE9-115A-48F0-8DCD-2DE780F357B2}.BoincRelease|Win32.Build.0 = BoincRelease|Win32
		{55B97FE9-115A-48F0-8DCD-2DE780F357B2}.Debug|Win32.ActiveCfg = Debug|Win32
		{55B97FE9-115A-48F0-8DCD-2DE780F357B2}.Debug|Win32.Build.0 = Debug|Win32
		{55B97FE9-115A-48F0-8DCD-2DE780F357B2}.Release|Win32.ActiveCfg = Release|Win32
		{55B97FE9-115A-48F0-8DCD-2DE780F357B2}.Release|Win32.Build.0 = Release|Win32
		{55B97FE9-115A-48F0-8DCD-2DE780F357B2}.ReleaseLocal|Win32.ActiveCfg = ReleaseLocal|Win32
		{55B97FE9-115A-48F0-8DCD-2DE780F357B2}.ReleaseLocal|Win32.Build.0 = ReleaseLocal|Win32
		{23B47229-A66C-4042-B04D-D65F67FB3BC5}.BoincDebug|Win32.ActiveCfg = BoincDebug|Win32
		{23B47229-A66C-4042-B04D-D65F67FB3BC5}.BoincDebug|Win32.Build.0 = BoincDebug|Win32
		{23B47229-A66C-4042-B04D-D65F67FB3BC5}.BoincRelease|Win32.ActiveCfg = BoincRelease|Win32
		{23B47229-A66C-4042-B04D-D65F67FB3BC5}.BoincRelease|Win32.Build.0 = BoincRelease|Win32
		{23B47229-A66C-4042-B04D-D65F67FB3BC5}.Debug|Win32.ActiveCfg = Debug|Win32
		{23B47229-A66C-4042-B04D-D65F67FB3BC5}.Debug|Win32.Build.0 = Debug|Win32
		{23B47229-A66C-4042-B04D-D65F67FB3BC5}.Release|Win32.ActiveCfg = Release|Win32
		{23B47229-A66C-4042-B04D-D65F67FB3BC5}.Release|Win32.Build.0 = Release|Win32
		{23B47229-A66C-4042-B04D-D65F67FB3BC5}.ReleaseLocal|Win32.ActiveCfg = ReleaseLocal|Win32
		{23B47229-A66C-4042-B04D-D65F67FB3BC5}.ReleaseLocal|Win32.Build.0 = ReleaseLocal|Win32
		{4740A508-D81B-49C7-B9F1-551CC857279C}.BoincDebug|Win32.ActiveCfg = BoincDebug|Win32
		{4740A508-D81B-49C7-B9F1-551CC857279C}.BoincDebug|Win32.Build.0 = BoincDebug|Win32
		{4740A508-D81B-49C7-B9F1-551CC857279C}.BoincRelease|Win32.ActiveCfg = BoincRelease|Win32
		{4740A508-D81B-49C7-B9F1-551CC857279C}.BoincRelease|Win32.Build.0 = BoincRelease|Win32
		{4740A508-D81B-49C7-B9F1-551CC857279C}.Debug|Win32.ActiveCfg = Debug|Win32
		{4740A508-D81B-49C7-B9F1-551CC857279C}.Debug|Win32.Build.0 = Debug|Win32
		{4740A508-D81B-49C7-B9F1-551CC857279C}.Release|Win32.ActiveCfg = Release|Win32
		{4740A508-D81B-49C7-B9F1-551CC857279C}.Release|Win32.Build.0 = Release|Win32
		{4740A508-D81B-49C7-B9F1-551CC857279C}.ReleaseLocal|Win32.ActiveCfg = ReleaseLocal|Win32
		{4740A508-D81B-49C7-B9F1-551CC857279C}.ReleaseLocal|Win32.Build.0 = ReleaseLocal|Win32
		{F062F268-8509-4F44-B4E1-030696731E60}.BoincDebug|Win32.ActiveCfg = BoincDebug|Win32
		{F062F268-8509-4F44-B4E1-030696731E60}.BoincDebug|Win32.Build.0 = BoincDebug|Win32
		{F062F268-8509-4F44-B4E1-030696731E60}.BoincRelease|Win32.ActiveCfg = BoincRelease|Win32
		{F062F268-8509-4F44-B4E1-030696731E60}.BoincRelease|Win32.Build.0 = BoincRelease|Win32
		{F062F268-8509-4F44-B4E1-030696731E60}.Debug|Win32.ActiveCfg = Debug|Win32
		{F062F268-8509-4F44-B4E1-030696731E60}.Debug|Win32.Build.0 = Debug|Win32
		{F062F268-8509-4F44-B4E1-030696731E60}.Release|Win32.ActiveCfg = Release|Win32
		{F062F268-8509-4F44-B4E1-030696731E60}.Release|Win32.Build.0 = Release|Win32
		{F062F268-8509-4F44-B4E1-030696731E60}.ReleaseLocal|Win32.ActiveCfg = ReleaseLocal|Win32
		{F062F268-8509-4F44-B4E1-030696731E60}.ReleaseLocal|Win32.Build.0 = ReleaseLocal|Win32
		{445BF4E0-93BF-407C-9743-4E60DA9977BE}.BoincDebug|Win32.ActiveCfg = BoincDebug|Win32
		{445BF4E0-93BF-407C-9743-4E60DA9977BE}.BoincDebug|Win32.Build.0 = BoincDebug|Win32
		{445BF4E0-93BF-407C-9743-4E60DA9977BE}.BoincRelease|Win32.ActiveCfg = BoincRelease|Win32
		{445BF4E0-93BF-407C-9743-4E60DA9977BE}.BoincRelease|Win32.Build.0 = BoincRelease|Win32
		{445BF4E0-93BF-407C-9743-4E60DA9977BE}.Debug|Win32.ActiveCfg = Debug|Win32
		{445BF4E0-93BF-407C-9743-4E60DA9977BE}.Debug|Win32.Build.0 = Debug|Win32
		{445BF4E0-93BF-407C-9743-4E60DA9977BE}.Release|Win32.ActiveCfg = Release|Win32
		{445BF4E0-93BF-407C-9743-4E60DA9977BE}.Release|Win32.Build.0 = Release|Win32
		{445BF4E0-93BF-407C-9743-4E60DA9977BE}.ReleaseLocal|Win32.ActiveCfg = ReleaseLocal|Win32
		{445BF4E0-93BF-407C-9743-4E60DA9977BE}.ReleaseLocal|Win32.Build.0 = ReleaseLocal|Win32
		{91864D53-14B9-4142-A9F7-CB571DB9AC08}.BoincDebug|Win32.ActiveCfg = BoincDebug|Win32
		{91864D53-14B9-4142-A9F7-CB571DB9AC08}.BoincDebug|Win32.Build.0 = BoincDebug|Win32
		{91864D53-14B9-4142-A9F7-CB571DB9AC08}.BoincRelease|Win32.ActiveCfg = BoincRelease|Win32
		{91864D53-14B9-4142-A9F7-CB571DB9AC08}.BoincRelease|Win32.Build.0 = BoincRelease|Win32
		{91864D53-14B9-4142-A9F7-CB571DB9AC08}.Debug|Win32.ActiveCfg = Debug|Win32
		{91864D53-14B9-4142-A9F7-CB571DB9AC08}.Debug|Win32.Build.0 = Debug|Win32
		{91864D53-14B9-4142-A9F7-CB571DB9AC08}.Release|Win32.ActiveCfg = Release|Win32
		{91864D53-14B9-4142-A9F7-CB571DB9AC08}.Release|Win32.Build.0 = Release|Win32
		{91864D53-14B9-4142-A9F7-CB571DB9AC08}.ReleaseLocal|Win32.ActiveCfg = ReleaseLocal|Win32
		{91864D53-14B9-4142-A9F7-CB571DB9AC08}.ReleaseLocal|Win32.Build.0 = ReleaseLocal|Win32
		{60CCC356-9906-4E6F-AB24-DFAAC4DDFA7F}.BoincDebug|Win32.ActiveCfg = BoincDebug|Win32
		{60CCC356-9906-4E6F-AB24-DFAAC4DDFA7F}.BoincDebug|Win32.Build.0 = BoincDebug|Win32
		{60CCC356-9906-4E6F-AB24-DFAAC4DDFA7F}.BoincRelease|Win32.ActiveCfg = BoincRelease|Win32
		{60CCC356-9906-4E6F-AB24-DFAAC4DDFA7F}.BoincRelease|Win32.Build.0 = BoincRelease|Win32
		{60CCC356-9906-4E6F-AB24-DFAAC4DDFA7F}.Debug|Win32.ActiveCfg = Debug|Win32
		{60CCC356-9906-4E6F-AB24-DFAAC4DDFA7F}.Debug|Win32.Build.0 = Debug|Win32
		{60CCC356-9906-4E6F-AB24-DFAAC4DDFA7F}.Release|Win32.ActiveCfg = Release|Win32
		{60CCC356-9906-4E6F-AB24-DFAAC4DDFA7F}.Release|Win32.Build.0 = Release|Win32
		{60CCC356-9906-4E6F-AB24-DFAAC4DDFA7F}.ReleaseLocal|Win32.ActiveCfg = ReleaseLocal|Win32
		{60CCC356-9906-4E6F-AB24-DFAAC4DDFA7F}.ReleaseLocal|Win32.Build.0 = ReleaseLocal|Win32
		{440A0496-BC1A-4984-B46C-84AFBB635F1C}.BoincDebug|Win32.ActiveCfg = BoincDebug|Win32
		{440A0496-BC1A-4984-B46C-84AFBB635F1C}.BoincDebug|Win32.Build.0 = BoincDebug|Win32
		{440A0496-BC1A-4984-B46C-84AFBB635F1C}.BoincRelease|Win32.ActiveCfg = BoincRelease|Win32
		{440A0496-BC1A-4984-B46C-84AFBB635F1C}.BoincRelease|Win32.Build.0 = BoincRelease|Win32
		{440A0496-BC1A-4984-B46C-84AFBB635F1C}.Debug|Win32.ActiveCfg = Debug|Win32
		{440A0496-BC1A-4984-B46C-84AFBB635F1C}.Debug|Win32.Build.0 = Debug|Win32
		{440A0496-BC1A-4984-B46C-84AFBB635F1C}.Release|Win32.ActiveCfg = Release|Win32
		{440A0496-BC1A-4984-B46C-84AFBB635F1C}.Release|Win32.Build.0 = Release|Win32
		{440A0496-BC1A-4984-B46C-84AFBB635F1C}.ReleaseLocal|Win32.ActiveCfg = ReleaseLocal|Win32
		{440A0496-BC1A-4984-B46C-84AFBB635F1C}.ReleaseLocal|Win32.Build.0 = ReleaseLocal|Win32
		{221C95E4-F8A5-4203-A593-00791FDB457B}.BoincDebug|Win32.ActiveCfg = BoincDebug|Win32
		{221C95E4-F8A5-4203-A593-00791FDB457B}.BoincDebug|Win32.Build.0 = BoincDebug|Win32
		{221C95E4-F8A5-4203-A593-00791FDB457B}.BoincRelease|Win32.ActiveCfg = BoincRelease|Win32
		{221C95E4-F8A5-4203-A593-00791FDB457B}.BoincRelease|Win32.Build.0 = BoincRelease|Win32
		{221C95E4-F8A5-4203-A593-00791FDB457B}.Debug|Win32.ActiveCfg = Debug|Win32
		{221C95E4-F8A5-4203-A593-00791FDB457B}.Debug|Win32.Build.0 = Debug|Win32
		{221C95E4-F8A5-4203-A593-00791FDB457B}.Release|Win32.ActiveCfg = Release|Win32
		{221C95E4-F8A5-4203-A593-00791FDB457B}.Release|Win32.Build.0 = Release|Win32
		{221C95E4-F8A5-4203-A593-00791FDB457B}.ReleaseLocal|Win32.ActiveCfg = ReleaseLocal|Win32
		{221C95E4-F8A5-4203-A593-00791FDB457B}.ReleaseLocal|Win32.Build.0 = ReleaseLocal|Win32
		{ED05A226-10AD-4CDF-B792-643E5522B83F}.BoincDebug|Win32.ActiveCfg = BoincDebug|Win32
		{ED05A226-10AD-4CDF-B792-643E5522B83F}.BoincDebug|Win32.Build.0 = BoincDebug|Win32
		{ED05A226-10AD-4CDF-B792-643E5522B83F}.BoincRelease|Win32.ActiveCfg = BoincRelease|Win32
		{ED05A226-10AD-4CDF-B792-643E5522B83F}.BoincRelease|Win32.Build.0 = BoincRelease|Win32
		{ED05A226-10AD-4CDF-B792-643E5522B83F}.Debug|Win32.ActiveCfg = Debug|Win32
		{ED05A226-10AD-4CDF-B792-643E5522B83F}.Debug|Win32.Build.0 = Debug|Win32
		{ED05A226-10AD-4CDF-B792-643E5522B83F}.Release|Win32.ActiveCfg = Release|Win32
		{ED05A226-10AD-4CDF-B792-643E5522B83F}.Release|Win32.Build.0 = Release|Win32
		{ED05A226-10AD-4CDF-B792-643E5522B83F}.ReleaseLocal|Win32.ActiveCfg = ReleaseLocal|Win32
		{ED05A226-10AD-4CDF-B792-643E5522B83F}.ReleaseLocal|Win32.Build.0 = ReleaseLocal|Win32
		{EA2940B8-F184-4506-B3C6-28F5C98F2214}.BoincDebug|Win32.ActiveCfg = BoincDebug|Win32
		{EA2940B8-F184-4506-B3C6-28F5C98F2214}.BoincDebug|Win32.Build.0 = BoincDebug|Win32
		{EA2940B8-F184-4506-B3C6-28F5C98F2214}.BoincRelease|Win32.ActiveCfg = BoincRelease|Win32
		{EA2940B8-F184-4506-B3C6-28F5C98F2214}.BoincRelease|Win32.Build.0 = BoincRelease|Win32
		{EA2940B8-F184-4506-B3C6-28F5C98F2214}.Debug|Win32.ActiveCfg = Debug|Win32
		{EA2940B8-F184-4506-B3C6-28F5C98F2214}.Debug|Win32.Build.0 = Debug|Win32
		{EA2940B8-F184-4506-B3C6-28F5C98F2214}.Release|Win32.ActiveCfg = Release|Win32
		{EA2940B8-F184-4506-B3C6-28F5C98F2214}.Release|Win32.Build.0 = Release|Win32
		{EA2940B8-F184-4506-B3C6-28F5C98F2214}.ReleaseLocal|Win32.ActiveCfg = ReleaseLocal|Win32
		{EA2940B8-F184-4506-B3C6-28F5C98F2214}.ReleaseLocal|Win32.Build.0 = ReleaseLocal|Win32
		{1F2DFD3E-EF08-458B-A970-DEEA9D8F5A12}.BoincDebug|Win32.ActiveCfg = BoincDebug|Win32
		{1F2DFD3E-EF08-458B-A970-DEEA9D8F5A12}.BoincDebug|Win32.Build.0 = BoincDebug|Win32
		{1F2DFD3E-EF08-458B-A970-DEEA9D8F5A12}.BoincRelease|Win32.ActiveCfg = BoincRelease|Win32
		{1F2DFD3E-EF08-458B-A970-DEEA9D8F5A12}.BoincRelease|Win32.Build.0 = BoincRelease|Win32
		{1F2DFD3E-EF08-458B-A970-DEEA9D8F5A12}.Debug|Win32.ActiveCfg = Debug|Win32
		{1F2DFD3E-EF08-458B-A970-DEEA9D8F5A12}.Debug|Win32.Build.0 = Debug|Win32
		{1F2DFD3E-EF08-458B-A970-DEEA9D8F5A12}.Release|Win32.ActiveCfg = Release|Win32
		{1F2DFD3E-EF08-458B-A970-DEEA9D8F5A12}.Release|Win32.Build.0 = Release|Win32
		{1F2DFD3E-EF08-458B-A970-DEEA9D8F5A12}.ReleaseLocal|Win32.ActiveCfg = ReleaseLocal|Win32
		{1F2DFD3E-EF08-458B-A970-DEEA9D8F5A12}.ReleaseLocal|Win32.Build.0 = ReleaseLocal|Win32
		{EBA3B9D2-035F-4328-A219-80A692D818F0}.BoincDebug|Win32.ActiveCfg = BoincDebug|Win32
		{EBA3B9D2-035F-4328-A219-80A692D818F0}.BoincDebug|Win32.Build.0 = BoincDebug|Win32
		{EBA3B9D2-035F-4328-A219-80A692D818F0}.BoincRelease|Win32.ActiveCfg = BoincRelease|Win32
		{EBA3B9D2-035F-4328-A219-80A692D818F0}.BoincRelease|Win32.Build.0 = BoincRelease|Win32
		{EBA3B9D2-035F-4328-A219-80A692D818F0}.Debug|Win32.ActiveCfg = Debug|Win32
		{EBA3B9D2-035F-4328-A219-80A692D818F0}.Debug|Win32.Build.0 = Debug|Win32
		{EBA3B9D2-035F-4328-A219-80A692D818F0}.Release|Win32.ActiveCfg = Release|Win32
		{EBA3B9D2-035F-4328-A219-80A692D818F0}.Release|Win32.Build.0 = Release|Win32
		{EBA3B9D2-035F-4328-A219-80A692D818F0}.ReleaseLocal|Win32.ActiveCfg = ReleaseLocal|Win32
		{EBA3B9D2-035F-4328-A219-80A692D818F0}.ReleaseLocal|Win32.Build.0 = ReleaseLocal|Win32
		{C2BF8510-7AB3-477D-B03D-DDD29CF3A655}.BoincDebug|Win32.ActiveCfg = BoincDebug|Win32
		{C2BF8510-7AB3-477D-B03D-DDD29CF3A655}.BoincDebug|Win32.Build.0 = BoincDebug|Win32
		{C2BF8510-7AB3-477D-B03D-DDD29CF3A655}.BoincRelease|Win32.ActiveCfg = BoincRelease|Win32
		{C2BF8510-7AB3-477D-B03D-DDD29CF3A655}.BoincRelease|Win32.Build.0 = BoincRelease|Win32
		{C2BF8510-7AB3-477D-B03D-DDD29CF3A655}.Debug|Win32.ActiveCfg = Debug|Win32
		{C2BF8510-7AB3-477D-B03D-DDD29CF3A655}.Debug|Win32.Build.0 = Debug|Win32
		{C2BF8510-7AB3-477D-B03D-DDD29CF3A655}.Release|Win32.ActiveCfg = Release|Win32
		{C2BF8510-7AB3-477D-B03D-DDD29CF3A655}.Release|Win32.Build.0 = Release|Win32
		{C2BF8510-7AB3-477D-B03D-DDD29CF3A655}.ReleaseLocal|Win32.ActiveCfg = ReleaseLocal|Win32
		{C2BF8510-7AB3-477D-B03D-DDD29CF3A655}.ReleaseLocal|Win32.Build.0 = ReleaseLocal|Win32
		{21F7184F-D15C-4B2F-9720-0B32BDF9529A}.BoincDebug|Win32.ActiveCfg = BoincDebug|Win32
		{21F7184F-D15C-4B2F-9720-0B32BDF9529A}.BoincDebug|Win32.Build.0 = BoincDebug|Win32
		{21F7184F-D15C-4B2F-9720-0B32BDF9529A}.BoincRelease|Win32.ActiveCfg = BoincRelease|Win32
		{21F7184F-D15C-4B2F-9720-0B32BDF9529A}.BoincRelease|Win32.Build.0 = BoincRelease|Win32
		{21F7184F-D15C-4B2F-9720-0B32BDF9529A}.Debug|Win32.ActiveCfg = Debug|Win32
		{21F7184F-D15C-4B2F-9720-0B32BDF9529A}.Debug|Win32.Build.0 = Debug|Win32
		{21F7184F-D15C-4B2F-9720-0B32BDF9529A}.Release|Win32.ActiveCfg = Release|Win32
		{21F7184F-D15C-4B2F-9720-0B32BDF9529A}.Release|Win32.Build.0 = Release|Win32
		{21F7184F-D15C-4B2F-9720-0B32BDF9529A}.ReleaseLocal|Win32.ActiveCfg = ReleaseLocal|Win32
		{21F7184F-D15C-4B2F-9720-0B32BDF9529A}.ReleaseLocal|Win32.Build.0 = ReleaseLocal|Win32
		{CC542E55-7586-410C-BCFA-231E45B940AD}.BoincDebug|Win32.ActiveCfg = BoincDebug|Win32
		{CC542E55-7586-410C-BCFA-231E45B940AD}.BoincDebug|Win32.Build.0 = BoincDebug|Win32
		{CC542E55-7586-410C-BCFA-231E45B940AD}.BoincRelease|Win32.ActiveCfg = BoincRelease|Win32
		{CC542E55-7586-410C-BCFA-231E45B940AD}.BoincRelease|Win32.Build.0 = BoincRelease|Win32
		{CC542E55-7586-410C-BCFA-231E45B940AD}.Debug|Win32.ActiveCfg = Debug|Win32
		{CC542E55-7586-410C-BCFA-231E45B940AD}.Debug|Win32.Build.0 = Debug|Win32
		{CC542E55-7586-410C-BCFA-231E45B940AD}.Release|Win32.ActiveCfg = Release|Win32
		{CC542E55-7586-410C-BCFA-231E45B940AD}.Release|Win32.Build.0 = Release|Win32
		{CC542E55-7586-410C-BCFA-231E45B940AD}.ReleaseLocal|Win32.ActiveCfg = ReleaseLocal|Win32
		{CC542E55-7586-410C-BCFA-231E45B940AD}.ReleaseLocal|Win32.Build.0 = ReleaseLocal|Win32
		{82FE342C-CC0D-4D44-8A04-6C711644EF50}.BoincDebug|Win32.ActiveCfg = BoincDebug|Win32
		{82FE342C-CC0D-4D44-8A04-6C711644EF50}.BoincDebug|Win32.Build.0 = BoincDebug|Win32
		{82FE342C-CC0D-4D44-8A04-6C711644EF50}.BoincRelease|Win32.ActiveCfg = BoincRelease|Win32
		{82FE342C-CC0D-4D44-8A04-6C711644EF50}.BoincRelease|Win32.Build.0 = BoincRelease|Win32
		{82FE342C-CC0D-4D44-8A04-6C711644EF50}.Debug|Win32.ActiveCfg = Debug|Win32
		{82FE342C-CC0D-4D44-8A04-6C711644EF50}.Debug|Win32.Build.0 = Debug|Win32
		{82FE342C-CC0D-4D44-8A04-6C711644EF50}.Release|Win32.ActiveCfg = Release|Win32
		{82FE342C-CC0D-4D44-8A04-6C711644EF50}.Release|Win32.Build.0 = Release|Win32
		{82FE342C-CC0D-4D44-8A04-6C711644EF50}.ReleaseLocal|Win32.ActiveCfg = ReleaseLocal|Win32
		{82FE342C-CC0D-4D44-8A04-6C711644EF50}.ReleaseLocal|Win32.Build.0 = ReleaseLocal|Win32
		{AE5475D2-9265-4B82-8CA9-37EC63F7DD31}.BoincDebug|Win32.ActiveCfg = BoincDebug|Win32
		{AE5475D2-9265-4B82-8CA9-37EC63F7DD31}.BoincDebug|Win32.Build.0 = BoincDebug|Win32
		{AE5475D2-9265-4B82-8CA9-37EC63F7DD31}.BoincRelease|Win32.ActiveCfg = BoincRelease|Win32
		{AE5475D2-9265-4B82-8CA9-37EC63F7DD31}.BoincRelease|Win32.Build.0 = BoincRelease|Win32
		{AE5475D2-9265-4B82-8CA9-37EC63F7DD31}.Debug|Win32.ActiveCfg = Debug|Win32
		{AE5475D2-9265-4B82-8CA9-37EC63F7DD31}.Debug|Win32.Build.0 = Debug|Win32
		{AE5475D2-9265-4B82-8CA9-37EC63F7DD31}.Release|Win32.ActiveCfg = Release|Win32
		{AE5475D2-9265-4B82-8CA9-37EC63F7DD31}.Release|Win32.Build.0 = Release|Win32
		{AE5475D2-9265-4B82-8CA9-37EC63F7DD31}.ReleaseLocal|Win32.ActiveCfg = ReleaseLocal|Win32
		{AE5475D2-9265-4B82-8CA9-37EC63F7DD31}.ReleaseLocal|Win32.Build.0 = ReleaseLocal|Win32
		{3FD58214-833E-49A7-BE67-D182EA442D01}.BoincDebug|Win32.ActiveCfg = BoincDebug|Win32
		{3FD58214-833E-49A7-BE67-D182EA442D01}.BoincDebug|Win32.Build.0 = BoincDebug|Win32
		{3FD58214-833E-49A7-BE67-D182EA442D01}.BoincRelease|Win32.ActiveCfg = BoincRelease|Win32
		{3FD58214-833E-49A7-BE67-D182EA442D01}.BoincRelease|Win32.Build.0 = BoincRelease|Win32
		{3FD58214-833E-49A7-BE67-D182EA442D01}.Debug|Win32.ActiveCfg = Debug|Win32
		{3FD58214-833E-49A7-BE67-D182EA442D01}.Debug|Win32.Build.0 = Debug|Win32
		{3FD58214-833E-49A7-BE67-D182EA442D01}.Release|Win32.ActiveCfg = Release|Win32
		{3FD58214-833E-49A7-BE67-D182EA442D01}.Release|Win32.Build.0 = Release|Win32
		{3FD58214-833E-49A7-BE67-D182EA442D01}.ReleaseLocal|Win32.ActiveCfg = ReleaseLocal|Win32
		{3FD58214-833E-49A7-BE67-D182EA442D01}.ReleaseLocal|Win32.Build.0 = ReleaseLocal|Win32
		{BB2C0063-62E9-4ACD-BD82-9129AF8F3131}.BoincDebug|Win32.ActiveCfg = BoincDebug|Win32
		{BB2C0063-62E9-4ACD-BD82-9129AF8F3131}.BoincDebug|Win32.Build.0 = BoincDebug|Win32
		{BB2C0063-62E9-4ACD-BD82-9129AF8F3131}.BoincRelease|Win32.ActiveCfg = BoincRelease|Win32
		{BB2C0063-62E9-4ACD-BD82-9129AF8F3131}.BoincRelease|Win32.Build.0 = BoincRelease|Win32
		{BB2C0063-62E9-4ACD-BD82-9129AF8F3131}.Debug|Win32.ActiveCfg = Debug|Win32
		{BB2C0063-62E9-4ACD-BD82-9129AF8F3131}.Debug|Win32.Build.0 = Debug|Win32
		{BB2C0063-62E9-4ACD-BD82-9129AF8F3131}.Release|Win32.ActiveCfg = Release|Win32
		{BB2C0063-62E9-4ACD-BD82-9129AF8F3131}.Release|Win32.Build.0 = Release|Win32
		{BB2C0063-62E9-4ACD-BD82-9129AF8F3131}.ReleaseLocal|Win32.ActiveCfg = ReleaseLocal|Win32
		{BB2C0063-62E9-4ACD-BD82-9129AF8F3131}.ReleaseLocal|Win32.Build.0 = ReleaseLocal|Win32
		{3529CB28-7571-405A-999B-B3B554F8F94E}.BoincDebug|Win32.ActiveCfg = BoincDebug|Win32
		{3529CB28-7571-405A-999B-B3B554F8F94E}.BoincDebug|Win32.Build.0 = BoincDebug|Win32
		{3529CB28-7571-405A-999B-B3B554F8F94E}.BoincRelease|Win32.ActiveCfg = BoincRelease|Win32
		{3529CB28-7571-405A-999B-B3B554F8F94E}.BoincRelease|Win32.Build.0 = BoincRelease|Win32
		{3529CB28-7571-405A-999B-B3B554F8F94E}.Debug|Win32.ActiveCfg = Debug|Win32
		{3529CB28-7571-405A-999B-B3B554F8F94E}.Debug|Win32.Build.0 = Debug|Win32
		{3529CB28-7571-405A-999B-B3B554F8F94E}.Release|Win32.ActiveCfg = Release|Win32
		{3529CB28-7571-405A-999B-B3B554F8F94E}.Release|Win32.Build.0 = Release|Win32
		{3529CB28-7571-405A-999B-B3B554F8F94E}.ReleaseLocal|Win32.ActiveCfg = ReleaseLocal|Win32
		{3529CB28-7571-405A-999B-B3B554F8F94E}.ReleaseLocal|Win32.Build.0 = ReleaseLocal|Win32
		{B08DEC7A-C691-41DD-8A04-67CEA33526EF}.BoincDebug|Win32.ActiveCfg = BoincDebug|Win32
		{B08DEC7A-C691-41DD-8A04-67CEA33526EF}.BoincDebug|Win32.Build.0 = BoincDebug|Win32
		{B08DEC7A-C691-41DD-8A04-67CEA33526EF}.BoincRelease|Win32.ActiveCfg = BoincRelease|Win32
		{B08DEC7A-C691-41DD-8A04-67CEA33526EF}.BoincRelease|Win32.Build.0 = BoincRelease|Win32
		{B08DEC7A-C691-41DD-8A04-67CEA33526EF}.Debug|Win32.ActiveCfg = Debug|Win32
		{B08DEC7A-C691-41DD-8A04-67CEA33526EF}.Debug|Win32.Build.0 = Debug|Win32
		{B08DEC7A-C691-41DD-8A04-67CEA33526EF}.Release|Win32.ActiveCfg = Release|Win32
		{B08DEC7A-C691-41DD-8A04-67CEA33526EF}.Release|Win32.Build.0 = Release|Win32
		{B08DEC7A-C691-41DD-8A04-67CEA33526EF}.ReleaseLocal|Win32.ActiveCfg = ReleaseLocal|Win32
		{B08DEC7A-C691-41DD-8A04-67CEA33526EF}.ReleaseLocal|Win32.Build.0 = ReleaseLocal|Win32
	EndGlobalSection
	GlobalSection(SolutionProperties) = preSolution
		HideSolutionNode = FALSE
	EndGlobalSection
EndGlobal
